
Microsoft Visual Studio Solution File, Format Version 12.00
# Visual Studio Version 16
VisualStudioVersion = 16.0.31911.196
MinimumVisualStudioVersion = 10.0.40219.1
Project("{FAE04EC0-301F-11D3-BF4B-00C04F79EFBC}") = "recuperacion.Android", "recuperacion\recuperacion.Android\recuperacion.Android.csproj", "{0D102E7D-3E3C-4E19-87C1-BA9CD5883C9C}"
EndProject
Project("{FAE04EC0-301F-11D3-BF4B-00C04F79EFBC}") = "recuperacion", "recuperacion\recuperacion\recuperacion.csproj", "{D5208D37-40A8-41F6-A7CD-CA9689AC48F1}"
EndProject
Global
	GlobalSection(SolutionConfigurationPlatforms) = preSolution
		Debug|Any CPU = Debug|Any CPU
		Release|Any CPU = Release|Any CPU
	EndGlobalSection
	GlobalSection(ProjectConfigurationPlatforms) = postSolution
		{0D102E7D-3E3C-4E19-87C1-BA9CD5883C9C}.Debug|Any CPU.ActiveCfg = Debug|Any CPU
		{0D102E7D-3E3C-4E19-87C1-BA9CD5883C9C}.Debug|Any CPU.Build.0 = Debug|Any CPU
		{0D102E7D-3E3C-4E19-87C1-BA9CD5883C9C}.Debug|Any CPU.Deploy.0 = Debug|Any CPU
		{0D102E7D-3E3C-4E19-87C1-BA9CD5883C9C}.Release|Any CPU.ActiveCfg = Release|Any CPU
		{0D102E7D-3E3C-4E19-87C1-BA9CD5883C9C}.Release|Any CPU.Build.0 = Release|Any CPU
		{0D102E7D-3E3C-4E19-87C1-BA9CD5883C9C}.Release|Any CPU.Deploy.0 = Release|Any CPU
		{D5208D37-40A8-41F6-A7CD-CA9689AC48F1}.Debug|Any CPU.ActiveCfg = Debug|Any CPU
		{D5208D37-40A8-41F6-A7CD-CA9689AC48F1}.Debug|Any CPU.Build.0 = Debug|Any CPU
		{D5208D37-40A8-41F6-A7CD-CA9689AC48F1}.Debug|Any CPU.Deploy.0 = Debug|Any CPU
		{D5208D37-40A8-41F6-A7CD-CA9689AC48F1}.Release|Any CPU.ActiveCfg = Release|Any CPU
		{D5208D37-40A8-41F6-A7CD-CA9689AC48F1}.Release|Any CPU.Build.0 = Release|Any CPU
		{D5208D37-40A8-41F6-A7CD-CA9689AC48F1}.Release|Any CPU.Deploy.0 = Release|Any CPU
	EndGlobalSection
	GlobalSection(SolutionProperties) = preSolution
		HideSolutionNode = FALSE
	EndGlobalSection
	GlobalSection(ExtensibilityGlobals) = postSolution
		SolutionGuid = {4A5F277C-C9C7-4400-B93D-51F0BCD61ED6}
	EndGlobalSection
EndGlobal
